
Microsoft Visual Studio Solution File, Format Version 12.00
# Visual Studio Version 16
VisualStudioVersion = 16.0.32106.194
MinimumVisualStudioVersion = 10.0.40219.1
Project("{FAE04EC0-301F-11D3-BF4B-00C04F79EFBC}") = "Challenge22", "Challenge22\Challenge22.csproj", "{2F884269-15F3-49CE-B8C7-5506B20DBC66}"
EndProject
Project("{FAE04EC0-301F-11D3-BF4B-00C04F79EFBC}") = "TestChallenge22", "TestChallenge22\TestChallenge22.csproj", "{879B4A50-0BB6-4310-A974-DFAB3A2FD8E4}"
EndProject
Global
	GlobalSection(SolutionConfigurationPlatforms) = preSolution
		Debug|Any CPU = Debug|Any CPU
		Release|Any CPU = Release|Any CPU
	EndGlobalSection
	GlobalSection(ProjectConfigurationPlatforms) = postSolution
		{2F884269-15F3-49CE-B8C7-5506B20DBC66}.Debug|Any CPU.ActiveCfg = Debug|Any CPU
		{2F884269-15F3-49CE-B8C7-5506B20DBC66}.Debug|Any CPU.Build.0 = Debug|Any CPU
		{2F884269-15F3-49CE-B8C7-5506B20DBC66}.Release|Any CPU.ActiveCfg = Release|Any CPU
		{2F884269-15F3-49CE-B8C7-5506B20DBC66}.Release|Any CPU.Build.0 = Release|Any CPU
		{879B4A50-0BB6-4310-A974-DFAB3A2FD8E4}.Debug|Any CPU.ActiveCfg = Debug|Any CPU
		{879B4A50-0BB6-4310-A974-DFAB3A2FD8E4}.Debug|Any CPU.Build.0 = Debug|Any CPU
		{879B4A50-0BB6-4310-A974-DFAB3A2FD8E4}.Release|Any CPU.ActiveCfg = Release|Any CPU
		{879B4A50-0BB6-4310-A974-DFAB3A2FD8E4}.Release|Any CPU.Build.0 = Release|Any CPU
	EndGlobalSection
	GlobalSection(SolutionProperties) = preSolution
		HideSolutionNode = FALSE
	EndGlobalSection
	GlobalSection(ExtensibilityGlobals) = postSolution
		SolutionGuid = {2189ED33-3591-49F6-B293-04ED16249AB3}
	EndGlobalSection
EndGlobal
