
Microsoft Visual Studio Solution File, Format Version 12.00
# Visual Studio Version 16
VisualStudioVersion = 16.0.32106.194
MinimumVisualStudioVersion = 10.0.40219.1
Project("{FAE04EC0-301F-11D3-BF4B-00C04F79EFBC}") = "Challenge08", "Challenge08\Challenge08.csproj", "{4019FB43-6BBD-4EE8-8EF8-C2018092D734}"
EndProject
Project("{FAE04EC0-301F-11D3-BF4B-00C04F79EFBC}") = "TestChallenge08", "TestChallenge08\TestChallenge08.csproj", "{43E99099-9934-4974-A895-7E84615AF5E1}"
EndProject
Global
	GlobalSection(SolutionConfigurationPlatforms) = preSolution
		Debug|Any CPU = Debug|Any CPU
		Release|Any CPU = Release|Any CPU
	EndGlobalSection
	GlobalSection(ProjectConfigurationPlatforms) = postSolution
		{4019FB43-6BBD-4EE8-8EF8-C2018092D734}.Debug|Any CPU.ActiveCfg = Debug|Any CPU
		{4019FB43-6BBD-4EE8-8EF8-C2018092D734}.Debug|Any CPU.Build.0 = Debug|Any CPU
		{4019FB43-6BBD-4EE8-8EF8-C2018092D734}.Release|Any CPU.ActiveCfg = Release|Any CPU
		{4019FB43-6BBD-4EE8-8EF8-C2018092D734}.Release|Any CPU.Build.0 = Release|Any CPU
		{43E99099-9934-4974-A895-7E84615AF5E1}.Debug|Any CPU.ActiveCfg = Debug|Any CPU
		{43E99099-9934-4974-A895-7E84615AF5E1}.Debug|Any CPU.Build.0 = Debug|Any CPU
		{43E99099-9934-4974-A895-7E84615AF5E1}.Release|Any CPU.ActiveCfg = Release|Any CPU
		{43E99099-9934-4974-A895-7E84615AF5E1}.Release|Any CPU.Build.0 = Release|Any CPU
	EndGlobalSection
	GlobalSection(SolutionProperties) = preSolution
		HideSolutionNode = FALSE
	EndGlobalSection
	GlobalSection(ExtensibilityGlobals) = postSolution
		SolutionGuid = {3C68B1CD-A2CC-43EB-9AD4-3DCC6A4D4687}
	EndGlobalSection
EndGlobal
