
Microsoft Visual Studio Solution File, Format Version 12.00
# Visual Studio Version 16
VisualStudioVersion = 16.0.32106.194
MinimumVisualStudioVersion = 10.0.40219.1
Project("{FAE04EC0-301F-11D3-BF4B-00C04F79EFBC}") = "Challenge12", "Challenge12\Challenge12.csproj", "{67A10D83-F9C7-4B0D-88B2-56DB1920FD03}"
EndProject
Project("{FAE04EC0-301F-11D3-BF4B-00C04F79EFBC}") = "TestChallenge12", "TestChallenge12\TestChallenge12.csproj", "{EA75524B-96CE-4F8A-B3D5-A0229C008143}"
EndProject
Global
	GlobalSection(SolutionConfigurationPlatforms) = preSolution
		Debug|Any CPU = Debug|Any CPU
		Release|Any CPU = Release|Any CPU
	EndGlobalSection
	GlobalSection(ProjectConfigurationPlatforms) = postSolution
		{67A10D83-F9C7-4B0D-88B2-56DB1920FD03}.Debug|Any CPU.ActiveCfg = Debug|Any CPU
		{67A10D83-F9C7-4B0D-88B2-56DB1920FD03}.Debug|Any CPU.Build.0 = Debug|Any CPU
		{67A10D83-F9C7-4B0D-88B2-56DB1920FD03}.Release|Any CPU.ActiveCfg = Release|Any CPU
		{67A10D83-F9C7-4B0D-88B2-56DB1920FD03}.Release|Any CPU.Build.0 = Release|Any CPU
		{EA75524B-96CE-4F8A-B3D5-A0229C008143}.Debug|Any CPU.ActiveCfg = Debug|Any CPU
		{EA75524B-96CE-4F8A-B3D5-A0229C008143}.Debug|Any CPU.Build.0 = Debug|Any CPU
		{EA75524B-96CE-4F8A-B3D5-A0229C008143}.Release|Any CPU.ActiveCfg = Release|Any CPU
		{EA75524B-96CE-4F8A-B3D5-A0229C008143}.Release|Any CPU.Build.0 = Release|Any CPU
	EndGlobalSection
	GlobalSection(SolutionProperties) = preSolution
		HideSolutionNode = FALSE
	EndGlobalSection
	GlobalSection(ExtensibilityGlobals) = postSolution
		SolutionGuid = {27E0E97F-950F-4A38-81D6-45C387F6284B}
	EndGlobalSection
EndGlobal
