
Microsoft Visual Studio Solution File, Format Version 12.00
# Visual Studio Version 16
VisualStudioVersion = 16.0.32106.194
MinimumVisualStudioVersion = 10.0.40219.1
Project("{FAE04EC0-301F-11D3-BF4B-00C04F79EFBC}") = "Challenge09", "Challenge09\Challenge09.csproj", "{1AC518EA-5323-4D30-A722-624806A36472}"
EndProject
Project("{FAE04EC0-301F-11D3-BF4B-00C04F79EFBC}") = "TestChallenge09", "TestChallenge09\TestChallenge09.csproj", "{AA63764A-CEB9-42D5-AC8C-DEB41A06F9B7}"
EndProject
Global
	GlobalSection(SolutionConfigurationPlatforms) = preSolution
		Debug|Any CPU = Debug|Any CPU
		Release|Any CPU = Release|Any CPU
	EndGlobalSection
	GlobalSection(ProjectConfigurationPlatforms) = postSolution
		{1AC518EA-5323-4D30-A722-624806A36472}.Debug|Any CPU.ActiveCfg = Debug|Any CPU
		{1AC518EA-5323-4D30-A722-624806A36472}.Debug|Any CPU.Build.0 = Debug|Any CPU
		{1AC518EA-5323-4D30-A722-624806A36472}.Release|Any CPU.ActiveCfg = Release|Any CPU
		{1AC518EA-5323-4D30-A722-624806A36472}.Release|Any CPU.Build.0 = Release|Any CPU
		{AA63764A-CEB9-42D5-AC8C-DEB41A06F9B7}.Debug|Any CPU.ActiveCfg = Debug|Any CPU
		{AA63764A-CEB9-42D5-AC8C-DEB41A06F9B7}.Debug|Any CPU.Build.0 = Debug|Any CPU
		{AA63764A-CEB9-42D5-AC8C-DEB41A06F9B7}.Release|Any CPU.ActiveCfg = Release|Any CPU
		{AA63764A-CEB9-42D5-AC8C-DEB41A06F9B7}.Release|Any CPU.Build.0 = Release|Any CPU
	EndGlobalSection
	GlobalSection(SolutionProperties) = preSolution
		HideSolutionNode = FALSE
	EndGlobalSection
	GlobalSection(ExtensibilityGlobals) = postSolution
		SolutionGuid = {984DAA83-1692-44B0-B33A-2A8FCD28387C}
	EndGlobalSection
EndGlobal
