
Microsoft Visual Studio Solution File, Format Version 12.00
# Visual Studio Version 16
VisualStudioVersion = 16.0.32106.194
MinimumVisualStudioVersion = 10.0.40219.1
Project("{FAE04EC0-301F-11D3-BF4B-00C04F79EFBC}") = "Challenge21", "Challenge21\Challenge21.csproj", "{BEF878C8-A3F1-4378-8BDD-C44D282374A7}"
EndProject
Project("{FAE04EC0-301F-11D3-BF4B-00C04F79EFBC}") = "TestChallenge21", "TestChallenge21\TestChallenge21.csproj", "{6E89C694-360F-4365-BC28-41822F376FAC}"
EndProject
Global
	GlobalSection(SolutionConfigurationPlatforms) = preSolution
		Debug|Any CPU = Debug|Any CPU
		Release|Any CPU = Release|Any CPU
	EndGlobalSection
	GlobalSection(ProjectConfigurationPlatforms) = postSolution
		{BEF878C8-A3F1-4378-8BDD-C44D282374A7}.Debug|Any CPU.ActiveCfg = Debug|Any CPU
		{BEF878C8-A3F1-4378-8BDD-C44D282374A7}.Debug|Any CPU.Build.0 = Debug|Any CPU
		{BEF878C8-A3F1-4378-8BDD-C44D282374A7}.Release|Any CPU.ActiveCfg = Release|Any CPU
		{BEF878C8-A3F1-4378-8BDD-C44D282374A7}.Release|Any CPU.Build.0 = Release|Any CPU
		{6E89C694-360F-4365-BC28-41822F376FAC}.Debug|Any CPU.ActiveCfg = Debug|Any CPU
		{6E89C694-360F-4365-BC28-41822F376FAC}.Debug|Any CPU.Build.0 = Debug|Any CPU
		{6E89C694-360F-4365-BC28-41822F376FAC}.Release|Any CPU.ActiveCfg = Release|Any CPU
		{6E89C694-360F-4365-BC28-41822F376FAC}.Release|Any CPU.Build.0 = Release|Any CPU
	EndGlobalSection
	GlobalSection(SolutionProperties) = preSolution
		HideSolutionNode = FALSE
	EndGlobalSection
	GlobalSection(ExtensibilityGlobals) = postSolution
		SolutionGuid = {6B88DB0E-387F-4ACA-8FFC-2C1C930B5760}
	EndGlobalSection
EndGlobal
