
Microsoft Visual Studio Solution File, Format Version 12.00
# Visual Studio Version 16
VisualStudioVersion = 16.0.32106.194
MinimumVisualStudioVersion = 10.0.40219.1
Project("{FAE04EC0-301F-11D3-BF4B-00C04F79EFBC}") = "Challenge11", "Challenge11\Challenge11.csproj", "{B268DCDD-A64F-4F38-8492-2FBA4694E4C6}"
EndProject
Project("{FAE04EC0-301F-11D3-BF4B-00C04F79EFBC}") = "TestChallenge11", "TestChallenge11\TestChallenge11.csproj", "{18898983-439D-4F53-9E4F-877436B34238}"
EndProject
Global
	GlobalSection(SolutionConfigurationPlatforms) = preSolution
		Debug|Any CPU = Debug|Any CPU
		Release|Any CPU = Release|Any CPU
	EndGlobalSection
	GlobalSection(ProjectConfigurationPlatforms) = postSolution
		{B268DCDD-A64F-4F38-8492-2FBA4694E4C6}.Debug|Any CPU.ActiveCfg = Debug|Any CPU
		{B268DCDD-A64F-4F38-8492-2FBA4694E4C6}.Debug|Any CPU.Build.0 = Debug|Any CPU
		{B268DCDD-A64F-4F38-8492-2FBA4694E4C6}.Release|Any CPU.ActiveCfg = Release|Any CPU
		{B268DCDD-A64F-4F38-8492-2FBA4694E4C6}.Release|Any CPU.Build.0 = Release|Any CPU
		{18898983-439D-4F53-9E4F-877436B34238}.Debug|Any CPU.ActiveCfg = Debug|Any CPU
		{18898983-439D-4F53-9E4F-877436B34238}.Debug|Any CPU.Build.0 = Debug|Any CPU
		{18898983-439D-4F53-9E4F-877436B34238}.Release|Any CPU.ActiveCfg = Release|Any CPU
		{18898983-439D-4F53-9E4F-877436B34238}.Release|Any CPU.Build.0 = Release|Any CPU
	EndGlobalSection
	GlobalSection(SolutionProperties) = preSolution
		HideSolutionNode = FALSE
	EndGlobalSection
	GlobalSection(ExtensibilityGlobals) = postSolution
		SolutionGuid = {2B7EFB8D-3E75-4FEB-ACDB-B6D9532E1854}
	EndGlobalSection
EndGlobal
